{
  "name": "jira-json-github-import",
  "version": "1.0.0",
  "lockfileVersion": 1,
  "requires": true,
  "dependencies": {
    "octokit": {
      "version": "1.0.0-hello-world",
      "resolved": "https://registry.npmjs.org/octokit/-/octokit-1.0.0-hello-world.tgz",
      "integrity": "sha1-mX8irutd/iiB54xpQYxJKBqt+Y8="
    }
  }
}
